// !$*UTF8*$!
{
	archiveVersion = 1;
	classes = {
	};
	objectVersion = 55;
	objects = {

/* Begin PBXBuildFile section */
		6220C0B7278D72B800823355 /* Snow.m4a in Resources */ = {isa = PBXBuildFile; fileRef = 6220C0B6278D72B800823355 /* Snow.m4a */; };
		6220C0B9278D769A00823355 /* MusicCoverView.swift in Sources */ = {isa = PBXBuildFile; fileRef = 6220C0B8278D769A00823355 /* MusicCoverView.swift */; };
		628C7B7A27907A6A0052AAAD /* Stay Gold.m4a in Resources */ = {isa = PBXBuildFile; fileRef = 628C7B7927907A6A0052AAAD /* Stay Gold.m4a */; };
		62BD7917278D6BED002544C7 /* AudioPlayerApp.swift in Sources */ = {isa = PBXBuildFile; fileRef = 62BD7916278D6BED002544C7 /* AudioPlayerApp.swift */; };
		62BD7919278D6BED002544C7 /* ContentView.swift in Sources */ = {isa = PBXBuildFile; fileRef = 62BD7918278D6BED002544C7 /* ContentView.swift */; };
		62BD791B278D6BEE002544C7 /* Assets.xcassets in Resources */ = {isa = PBXBuildFile; fileRef = 62BD791A278D6BEE002544C7 /* Assets.xcassets */; };
		62BD791E278D6BEE002544C7 /* Preview Assets.xcassets in Resources */ = {isa = PBXBuildFile; fileRef = 62BD791D278D6BEE002544C7 /* Preview Assets.xcassets */; };
		62BD7928278D6DF0002544C7 /* 马马嘟嘟骑.m4a in Resources */ = {isa = PBXBuildFile; fileRef = 62BD7924278D6D29002544C7 /* 马马嘟嘟骑.m4a */; };
		62BD792C278D6F8B002544C7 /* PlayerModel.swift in Sources */ = {isa = PBXBuildFile; fileRef = 62BD792B278D6F8B002544C7 /* PlayerModel.swift */; };
/* End PBXBuildFile section */

/* Begin PBXFileReference section */
		6220C0B6278D72B800823355 /* Snow.m4a */ = {isa = PBXFileReference; lastKnownFileType = file; path = Snow.m4a; sourceTree = "<group>"; };
		6220C0B8278D769A00823355 /* MusicCoverView.swift */ = {isa = PBXFileReference; lastKnownFileType = sourcecode.swift; path = MusicCoverView.swift; sourceTree = "<group>"; };
		628C7B7927907A6A0052AAAD /* Stay Gold.m4a */ = {isa = PBXFileReference; lastKnownFileType = file; path = "Stay Gold.m4a"; sourceTree = "<group>"; };
		62BD7913278D6BED002544C7 /* AudioPlayer.app */ = {isa = PBXFileReference; explicitFileType = wrapper.application; includeInIndex = 0; path = AudioPlayer.app; sourceTree = BUILT_PRODUCTS_DIR; };
		62BD7916278D6BED002544C7 /* AudioPlayerApp.swift */ = {isa = PBXFileReference; lastKnownFileType = sourcecode.swift; path = AudioPlayerApp.swift; sourceTree = "<group>"; };
		62BD7918278D6BED002544C7 /* ContentView.swift */ = {isa = PBXFileReference; lastKnownFileType = sourcecode.swift; path = ContentView.swift; sourceTree = "<group>"; };
		62BD791A278D6BEE002544C7 /* Assets.xcassets */ = {isa = PBXFileReference; lastKnownFileType = folder.assetcatalog; path = Assets.xcassets; sourceTree = "<group>"; };
		62BD791D278D6BEE002544C7 /* Preview Assets.xcassets */ = {isa = PBXFileReference; lastKnownFileType = folder.assetcatalog; path = "Preview Assets.xcassets"; sourceTree = "<group>"; };
		62BD7924278D6D29002544C7 /* 马马嘟嘟骑.m4a */ = {isa = PBXFileReference; lastKnownFileType = file; path = "马马嘟嘟骑.m4a"; sourceTree = "<group>"; };
		62BD792B278D6F8B002544C7 /* PlayerModel.swift */ = {isa = PBXFileReference; lastKnownFileType = sourcecode.swift; path = PlayerModel.swift; sourceTree = "<group>"; };
/* End PBXFileReference section */

/* Begin PBXFrameworksBuildPhase section */
		62BD7910278D6BED002544C7 /* Frameworks */ = {
			isa = PBXFrameworksBuildPhase;
			buildActionMask = 2147483647;
			files = (
			);
			runOnlyForDeploymentPostprocessing = 0;
		};
/* End PBXFrameworksBuildPhase section */

/* Begin PBXGroup section */
		62BD790A278D6BED002544C7 = {
			isa = PBXGroup;
			children = (
				62BD7925278D6D31002544C7 /* Audio */,
				62BD7915278D6BED002544C7 /* AudioPlayer */,
				62BD7914278D6BED002544C7 /* Products */,
			);
			sourceTree = "<group>";
		};
		62BD7914278D6BED002544C7 /* Products */ = {
			isa = PBXGroup;
			children = (
				62BD7913278D6BED002544C7 /* AudioPlayer.app */,
			);
			name = Products;
			sourceTree = "<group>";
		};
		62BD7915278D6BED002544C7 /* AudioPlayer */ = {
			isa = PBXGroup;
			children = (
				62BD7916278D6BED002544C7 /* AudioPlayerApp.swift */,
				62BD7918278D6BED002544C7 /* ContentView.swift */,
				6220C0B8278D769A00823355 /* MusicCoverView.swift */,
				62BD792B278D6F8B002544C7 /* PlayerModel.swift */,
				62BD791A278D6BEE002544C7 /* Assets.xcassets */,
				62BD791C278D6BEE002544C7 /* Preview Content */,
			);
			path = AudioPlayer;
			sourceTree = "<group>";
		};
		62BD791C278D6BEE002544C7 /* Preview Content */ = {
			isa = PBXGroup;
			children = (
				62BD791D278D6BEE002544C7 /* Preview Assets.xcassets */,
			);
			path = "Preview Content";
			sourceTree = "<group>";
		};
		62BD7925278D6D31002544C7 /* Audio */ = {
			isa = PBXGroup;
			children = (
				62BD7924278D6D29002544C7 /* 马马嘟嘟骑.m4a */,
				6220C0B6278D72B800823355 /* Snow.m4a */,
				628C7B7927907A6A0052AAAD /* Stay Gold.m4a */,
			);
			path = Audio;
			sourceTree = "<group>";
		};
/* End PBXGroup section */

/* Begin PBXNativeTarget section */
		62BD7912278D6BED002544C7 /* AudioPlayer */ = {
			isa = PBXNativeTarget;
			buildConfigurationList = 62BD7921278D6BEE002544C7 /* Build configuration list for PBXNativeTarget "AudioPlayer" */;
			buildPhases = (
				62BD790F278D6BED002544C7 /* Sources */,
				62BD7910278D6BED002544C7 /* Frameworks */,
				62BD7911278D6BED002544C7 /* Resources */,
			);
			buildRules = (
			);
			dependencies = (
			);
			name = AudioPlayer;
			productName = AudioPlayer;
			productReference = 62BD7913278D6BED002544C7 /* AudioPlayer.app */;
			productType = "com.apple.product-type.application";
		};
/* End PBXNativeTarget section */

/* Begin PBXProject section */
		62BD790B278D6BED002544C7 /* Project object */ = {
			isa = PBXProject;
			attributes = {
				BuildIndependentTargetsInParallel = 1;
				LastSwiftUpdateCheck = 1320;
				LastUpgradeCheck = 1320;
				TargetAttributes = {
					62BD7912278D6BED002544C7 = {
						CreatedOnToolsVersion = 13.2.1;
					};
				};
			};
			buildConfigurationList = 62BD790E278D6BED002544C7 /* Build configuration list for PBXProject "AudioPlayer" */;
			compatibilityVersion = "Xcode 13.0";
			developmentRegion = en;
			hasScannedForEncodings = 0;
			knownRegions = (
				en,
				Base,
			);
			mainGroup = 62BD790A278D6BED002544C7;
			productRefGroup = 62BD7914278D6BED002544C7 /* Products */;
			projectDirPath = "";
			projectRoot = "";
			targets = (
				62BD7912278D6BED002544C7 /* AudioPlayer */,
			);
		};
/* End PBXProject section */

/* Begin PBXResourcesBuildPhase section */
		62BD7911278D6BED002544C7 /* Resources */ = {
			isa = PBXResourcesBuildPhase;
			buildActionMask = 2147483647;
			files = (
				62BD7928278D6DF0002544C7 /* 马马嘟嘟骑.m4a in Resources */,
				62BD791E278D6BEE002544C7 /* Preview Assets.xcassets in Resources */,
				6220C0B7278D72B800823355 /* Snow.m4a in Resources */,
				62BD791B278D6BEE002544C7 /* Assets.xcassets in Resources */,
				628C7B7A27907A6A0052AAAD /* Stay Gold.m4a in Resources */,
			);
			runOnlyForDeploymentPostprocessing = 0;
		};
/* End PBXResourcesBuildPhase section */

/* Begin PBXSourcesBuildPhase section */
		62BD790F278D6BED002544C7 /* Sources */ = {
			isa = PBXSourcesBuildPhase;
			buildActionMask = 2147483647;
			files = (
				62BD7919278D6BED002544C7 /* ContentView.swift in Sources */,
				6220C0B9278D769A00823355 /* MusicCoverView.swift in Sources */,
				62BD792C278D6F8B002544C7 /* PlayerModel.swift in Sources */,
				62BD7917278D6BED002544C7 /* AudioPlayerApp.swift in Sources */,
			);
			runOnlyForDeploymentPostprocessing = 0;
		};
/* End PBXSourcesBuildPhase section */

/* Begin XCBuildConfiguration section */
		62BD791F278D6BEE002544C7 /* Debug */ = {
			isa = XCBuildConfiguration;
			buildSettings = {
				ALWAYS_SEARCH_USER_PATHS = NO;
				CLANG_ANALYZER_NONNULL = YES;
				CLANG_ANALYZER_NUMBER_OBJECT_CONVERSION = YES_AGGRESSIVE;
				CLANG_CXX_LANGUAGE_STANDARD = "gnu++17";
				CLANG_CXX_LIBRARY = "libc++";
				CLANG_ENABLE_MODULES = YES;
				CLANG_ENABLE_OBJC_ARC = YES;
				CLANG_ENABLE_OBJC_WEAK = YES;
				CLANG_WARN_BLOCK_CAPTURE_AUTORELEASING = YES;
				CLANG_WARN_BOOL_CONVERSION = YES;
				CLANG_WARN_COMMA = YES;
				CLANG_WARN_CONSTANT_CONVERSION = YES;
				CLANG_WARN_DEPRECATED_OBJC_IMPLEMENTATIONS = YES;
				CLANG_WARN_DIRECT_OBJC_ISA_USAGE = YES_ERROR;
				CLANG_WARN_DOCUMENTATION_COMMENTS = YES;
				CLANG_WARN_EMPTY_BODY = YES;
				CLANG_WARN_ENUM_CONVERSION = YES;
				CLANG_WARN_INFINITE_RECURSION = YES;
				CLANG_WARN_INT_CONVERSION = YES;
				CLANG_WARN_NON_LITERAL_NULL_CONVERSION = YES;
				CLANG_WARN_OBJC_IMPLICIT_RETAIN_SELF = YES;
				CLANG_WARN_OBJC_LITERAL_CONVERSION = YES;
				CLANG_WARN_OBJC_ROOT_CLASS = YES_ERROR;
				CLANG_WARN_QUOTED_INCLUDE_IN_FRAMEWORK_HEADER = YES;
				CLANG_WARN_RANGE_LOOP_ANALYSIS = YES;
				CLANG_WARN_STRICT_PROTOTYPES = YES;
				CLANG_WARN_SUSPICIOUS_MOVE = YES;
				CLANG_WARN_UNGUARDED_AVAILABILITY = YES_AGGRESSIVE;
				CLANG_WARN_UNREACHABLE_CODE = YES;
				CLANG_WARN__DUPLICATE_METHOD_MATCH = YES;
				COPY_PHASE_STRIP = NO;
				DEBUG_INFORMATION_FORMAT = dwarf;
				ENABLE_STRICT_OBJC_MSGSEND = YES;
				ENABLE_TESTABILITY = YES;
				GCC_C_LANGUAGE_STANDARD = gnu11;
				GCC_DYNAMIC_NO_PIC = NO;
				GCC_NO_COMMON_BLOCKS = YES;
				GCC_OPTIMIZATION_LEVEL = 0;
				GCC_PREPROCESSOR_DEFINITIONS = (
					"DEBUG=1",
					"$(inherited)",
				);
				GCC_WARN_64_TO_32_BIT_CONVERSION = YES;
				GCC_WARN_ABOUT_RETURN_TYPE = YES_ERROR;
				GCC_WARN_UNDECLARED_SELECTOR = YES;
				GCC_WARN_UNINITIALIZED_AUTOS = YES_AGGRESSIVE;
				GCC_WARN_UNUSED_FUNCTION = YES;
				GCC_WARN_UNUSED_VARIABLE = YES;
				IPHONEOS_DEPLOYMENT_TARGET = 14.0;
				MTL_ENABLE_DEBUG_INFO = INCLUDE_SOURCE;
				MTL_FAST_MATH = YES;
				ONLY_ACTIVE_ARCH = YES;
				SDKROOT = iphoneos;
				SWIFT_ACTIVE_COMPILATION_CONDITIONS = DEBUG;
				SWIFT_OPTIMIZATION_LEVEL = "-Onone";
			};
			name = Debug;
		};
		62BD7920278D6BEE002544C7 /* Release */ = {
			isa = XCBuildConfiguration;
			buildSettings = {
				ALWAYS_SEARCH_USER_PATHS = NO;
				CLANG_ANALYZER_NONNULL = YES;
				CLANG_ANALYZER_NUMBER_OBJECT_CONVERSION = YES_AGGRESSIVE;
				CLANG_CXX_LANGUAGE_STANDARD = "gnu++17";
				CLANG_CXX_LIBRARY = "libc++";
				CLANG_ENABLE_MODULES = YES;
				CLANG_ENABLE_OBJC_ARC = YES;
				CLANG_ENABLE_OBJC_WEAK = YES;
				CLANG_WARN_BLOCK_CAPTURE_AUTORELEASING = YES;
				CLANG_WARN_BOOL_CONVERSION = YES;
				CLANG_WARN_COMMA = YES;
				CLANG_WARN_CONSTANT_CONVERSION = YES;
				CLANG_WARN_DEPRECATED_OBJC_IMPLEMENTATIONS = YES;
				CLANG_WARN_DIRECT_OBJC_ISA_USAGE = YES_ERROR;
				CLANG_WARN_DOCUMENTATION_COMMENTS = YES;
				CLANG_WARN_EMPTY_BODY = YES;
				CLANG_WARN_ENUM_CONVERSION = YES;
				CLANG_WARN_INFINITE_RECURSION = YES;
				CLANG_WARN_INT_CONVERSION = YES;
				CLANG_WARN_NON_LITERAL_NULL_CONVERSION = YES;
				CLANG_WARN_OBJC_IMPLICIT_RETAIN_SELF = YES;
				CLANG_WARN_OBJC_LITERAL_CONVERSION = YES;
				CLANG_WARN_OBJC_ROOT_CLASS = YES_ERROR;
				CLANG_WARN_QUOTED_INCLUDE_IN_FRAMEWORK_HEADER = YES;
				CLANG_WARN_RANGE_LOOP_ANALYSIS = YES;
				CLANG_WARN_STRICT_PROTOTYPES = YES;
				CLANG_WARN_SUSPICIOUS_MOVE = YES;
				CLANG_WARN_UNGUARDED_AVAILABILITY = YES_AGGRESSIVE;
				CLANG_WARN_UNREACHABLE_CODE = YES;
				CLANG_WARN__DUPLICATE_METHOD_MATCH = YES;
				COPY_PHASE_STRIP = NO;
				DEBUG_INFORMATION_FORMAT = "dwarf-with-dsym";
				ENABLE_NS_ASSERTIONS = NO;
				ENABLE_STRICT_OBJC_MSGSEND = YES;
				GCC_C_LANGUAGE_STANDARD = gnu11;
				GCC_NO_COMMON_BLOCKS = YES;
				GCC_WARN_64_TO_32_BIT_CONVERSION = YES;
				GCC_WARN_ABOUT_RETURN_TYPE = YES_ERROR;
				GCC_WARN_UNDECLARED_SELECTOR = YES;
				GCC_WARN_UNINITIALIZED_AUTOS = YES_AGGRESSIVE;
				GCC_WARN_UNUSED_FUNCTION = YES;
				GCC_WARN_UNUSED_VARIABLE = YES;
				IPHONEOS_DEPLOYMENT_TARGET = 14.0;
				MTL_ENABLE_DEBUG_INFO = NO;
				MTL_FAST_MATH = YES;
				SDKROOT = iphoneos;
				SWIFT_COMPILATION_MODE = wholemodule;
				SWIFT_OPTIMIZATION_LEVEL = "-O";
				VALIDATE_PRODUCT = YES;
			};
			name = Release;
		};
		62BD7922278D6BEE002544C7 /* Debug */ = {
			isa = XCBuildConfiguration;
			buildSettings = {
				ASSETCATALOG_COMPILER_APPICON_NAME = AppIcon;
				ASSETCATALOG_COMPILER_GLOBAL_ACCENT_COLOR_NAME = AccentColor;
				CODE_SIGN_STYLE = Automatic;
				CURRENT_PROJECT_VERSION = 1;
				DEVELOPMENT_ASSET_PATHS = "\"AudioPlayer/Preview Content\"";
				DEVELOPMENT_TEAM = 96V8RMT7SR;
				ENABLE_PREVIEWS = YES;
				GENERATE_INFOPLIST_FILE = YES;
				INFOPLIST_KEY_UIApplicationSceneManifest_Generation = YES;
				INFOPLIST_KEY_UIApplicationSupportsIndirectInputEvents = YES;
				INFOPLIST_KEY_UILaunchScreen_Generation = YES;
				INFOPLIST_KEY_UISupportedInterfaceOrientations_iPad = "UIInterfaceOrientationPortrait UIInterfaceOrientationPortraitUpsideDown UIInterfaceOrientationLandscapeLeft UIInterfaceOrientationLandscapeRight";
				INFOPLIST_KEY_UISupportedInterfaceOrientations_iPhone = "UIInterfaceOrientationPortrait UIInterfaceOrientationLandscapeLeft UIInterfaceOrientationLandscapeRight";
				LD_RUNPATH_SEARCH_PATHS = (
					"$(inherited)",
					"@executable_path/Frameworks",
				);
				MARKETING_VERSION = 1.0;
				PRODUCT_BUNDLE_IDENTIFIER = Demo.AudioPlayer;
				PRODUCT_NAME = "$(TARGET_NAME)";
				SWIFT_EMIT_LOC_STRINGS = YES;
				SWIFT_VERSION = 5.0;
				TARGETED_DEVICE_FAMILY = "1,2";
			};
			name = Debug;
		};
		62BD7923278D6BEE002544C7 /* Release */ = {
			isa = XCBuildConfiguration;
			buildSettings = {
				ASSETCATALOG_COMPILER_APPICON_NAME = AppIcon;
				ASSETCATALOG_COMPILER_GLOBAL_ACCENT_COLOR_NAME = AccentColor;
				CODE_SIGN_STYLE = Automatic;
				CURRENT_PROJECT_VERSION = 1;
				DEVELOPMENT_ASSET_PATHS = "\"AudioPlayer/Preview Content\"";
				DEVELOPMENT_TEAM = 96V8RMT7SR;
				ENABLE_PREVIEWS = YES;
				GENERATE_INFOPLIST_FILE = YES;
				INFOPLIST_KEY_UIApplicationSceneManifest_Generation = YES;
				INFOPLIST_KEY_UIApplicationSupportsIndirectInputEvents = YES;
				INFOPLIST_KEY_UILaunchScreen_Generation = YES;
				INFOPLIST_KEY_UISupportedInterfaceOrientations_iPad = "UIInterfaceOrientationPortrait UIInterfaceOrientationPortraitUpsideDown UIInterfaceOrientationLandscapeLeft UIInterfaceOrientationLandscapeRight";
				INFOPLIST_KEY_UISupportedInterfaceOrientations_iPhone = "UIInterfaceOrientationPortrait UIInterfaceOrientationLandscapeLeft UIInterfaceOrientationLandscapeRight";
				LD_RUNPATH_SEARCH_PATHS = (
					"$(inherited)",
					"@executable_path/Frameworks",
				);
				MARKETING_VERSION = 1.0;
				PRODUCT_BUNDLE_IDENTIFIER = Demo.AudioPlayer;
				PRODUCT_NAME = "$(TARGET_NAME)";
				SWIFT_EMIT_LOC_STRINGS = YES;
				SWIFT_VERSION = 5.0;
				TARGETED_DEVICE_FAMILY = "1,2";
			};
			name = Release;
		};
/* End XCBuildConfiguration section */

/* Begin XCConfigurationList section */
		62BD790E278D6BED002544C7 /* Build configuration list for PBXProject "AudioPlayer" */ = {
			isa = XCConfigurationList;
			buildConfigurations = (
				62BD791F278D6BEE002544C7 /* Debug */,
				62BD7920278D6BEE002544C7 /* Release */,
			);
			defaultConfigurationIsVisible = 0;
			defaultConfigurationName = Release;
		};
		62BD7921278D6BEE002544C7 /* Build configuration list for PBXNativeTarget "AudioPlayer" */ = {
			isa = XCConfigurationList;
			buildConfigurations = (
				62BD7922278D6BEE002544C7 /* Debug */,
				62BD7923278D6BEE002544C7 /* Release */,
			);
			defaultConfigurationIsVisible = 0;
			defaultConfigurationName = Release;
		};
/* End XCConfigurationList section */
	};
	rootObject = 62BD790B278D6BED002544C7 /* Project object */;
}
