// !$*UTF8*$!
{
	archiveVersion = 1;
	classes = {
	};
	objectVersion = 55;
	objects = {

/* Begin PBXBuildFile section */
		62BD78E9278B51BD002544C7 /* OperateDeviceFunctionsApp.swift in Sources */ = {isa = PBXBuildFile; fileRef = 62BD78E8278B51BD002544C7 /* OperateDeviceFunctionsApp.swift */; };
		62BD78EB278B51BD002544C7 /* ContentView.swift in Sources */ = {isa = PBXBuildFile; fileRef = 62BD78EA278B51BD002544C7 /* ContentView.swift */; };
		62BD78ED278B51BE002544C7 /* Assets.xcassets in Resources */ = {isa = PBXBuildFile; fileRef = 62BD78EC278B51BE002544C7 /* Assets.xcassets */; };
		62BD78F0278B51BE002544C7 /* Preview Assets.xcassets in Resources */ = {isa = PBXBuildFile; fileRef = 62BD78EF278B51BE002544C7 /* Preview Assets.xcassets */; };
		62BD78F7278C9C34002544C7 /* HapticView.swift in Sources */ = {isa = PBXBuildFile; fileRef = 62BD78F6278C9C34002544C7 /* HapticView.swift */; };
		62BD78F9278C9D85002544C7 /* TorchView.swift in Sources */ = {isa = PBXBuildFile; fileRef = 62BD78F8278C9D85002544C7 /* TorchView.swift */; };
		62BD78FB278CCFEA002544C7 /* ChangeBrightnessView.swift in Sources */ = {isa = PBXBuildFile; fileRef = 62BD78FA278CCFEA002544C7 /* ChangeBrightnessView.swift */; };
		62BD78FD278CD0D5002544C7 /* ChangeVolumeView.swift in Sources */ = {isa = PBXBuildFile; fileRef = 62BD78FC278CD0D5002544C7 /* ChangeVolumeView.swift */; };
/* End PBXBuildFile section */

/* Begin PBXFileReference section */
		62BD78E5278B51BD002544C7 /* OperateDeviceFunctions.app */ = {isa = PBXFileReference; explicitFileType = wrapper.application; includeInIndex = 0; path = OperateDeviceFunctions.app; sourceTree = BUILT_PRODUCTS_DIR; };
		62BD78E8278B51BD002544C7 /* OperateDeviceFunctionsApp.swift */ = {isa = PBXFileReference; lastKnownFileType = sourcecode.swift; path = OperateDeviceFunctionsApp.swift; sourceTree = "<group>"; };
		62BD78EA278B51BD002544C7 /* ContentView.swift */ = {isa = PBXFileReference; lastKnownFileType = sourcecode.swift; path = ContentView.swift; sourceTree = "<group>"; };
		62BD78EC278B51BE002544C7 /* Assets.xcassets */ = {isa = PBXFileReference; lastKnownFileType = folder.assetcatalog; path = Assets.xcassets; sourceTree = "<group>"; };
		62BD78EF278B51BE002544C7 /* Preview Assets.xcassets */ = {isa = PBXFileReference; lastKnownFileType = folder.assetcatalog; path = "Preview Assets.xcassets"; sourceTree = "<group>"; };
		62BD78F6278C9C34002544C7 /* HapticView.swift */ = {isa = PBXFileReference; lastKnownFileType = sourcecode.swift; path = HapticView.swift; sourceTree = "<group>"; };
		62BD78F8278C9D85002544C7 /* TorchView.swift */ = {isa = PBXFileReference; lastKnownFileType = sourcecode.swift; path = TorchView.swift; sourceTree = "<group>"; };
		62BD78FA278CCFEA002544C7 /* ChangeBrightnessView.swift */ = {isa = PBXFileReference; lastKnownFileType = sourcecode.swift; path = ChangeBrightnessView.swift; sourceTree = "<group>"; };
		62BD78FC278CD0D5002544C7 /* ChangeVolumeView.swift */ = {isa = PBXFileReference; lastKnownFileType = sourcecode.swift; path = ChangeVolumeView.swift; sourceTree = "<group>"; };
/* End PBXFileReference section */

/* Begin PBXFrameworksBuildPhase section */
		62BD78E2278B51BD002544C7 /* Frameworks */ = {
			isa = PBXFrameworksBuildPhase;
			buildActionMask = 2147483647;
			files = (
			);
			runOnlyForDeploymentPostprocessing = 0;
		};
/* End PBXFrameworksBuildPhase section */

/* Begin PBXGroup section */
		62BD78DC278B51BD002544C7 = {
			isa = PBXGroup;
			children = (
				62BD78E7278B51BD002544C7 /* OperateDeviceFunctions */,
				62BD78E6278B51BD002544C7 /* Products */,
			);
			sourceTree = "<group>";
		};
		62BD78E6278B51BD002544C7 /* Products */ = {
			isa = PBXGroup;
			children = (
				62BD78E5278B51BD002544C7 /* OperateDeviceFunctions.app */,
			);
			name = Products;
			sourceTree = "<group>";
		};
		62BD78E7278B51BD002544C7 /* OperateDeviceFunctions */ = {
			isa = PBXGroup;
			children = (
				62BD78E8278B51BD002544C7 /* OperateDeviceFunctionsApp.swift */,
				62BD78EA278B51BD002544C7 /* ContentView.swift */,
				62BD78FA278CCFEA002544C7 /* ChangeBrightnessView.swift */,
				62BD78FC278CD0D5002544C7 /* ChangeVolumeView.swift */,
				62BD78F8278C9D85002544C7 /* TorchView.swift */,
				62BD78F6278C9C34002544C7 /* HapticView.swift */,
				62BD78EC278B51BE002544C7 /* Assets.xcassets */,
				62BD78EE278B51BE002544C7 /* Preview Content */,
			);
			path = OperateDeviceFunctions;
			sourceTree = "<group>";
		};
		62BD78EE278B51BE002544C7 /* Preview Content */ = {
			isa = PBXGroup;
			children = (
				62BD78EF278B51BE002544C7 /* Preview Assets.xcassets */,
			);
			path = "Preview Content";
			sourceTree = "<group>";
		};
/* End PBXGroup section */

/* Begin PBXNativeTarget section */
		62BD78E4278B51BD002544C7 /* OperateDeviceFunctions */ = {
			isa = PBXNativeTarget;
			buildConfigurationList = 62BD78F3278B51BE002544C7 /* Build configuration list for PBXNativeTarget "OperateDeviceFunctions" */;
			buildPhases = (
				62BD78E1278B51BD002544C7 /* Sources */,
				62BD78E2278B51BD002544C7 /* Frameworks */,
				62BD78E3278B51BD002544C7 /* Resources */,
			);
			buildRules = (
			);
			dependencies = (
			);
			name = OperateDeviceFunctions;
			productName = OperateDeviceFunctions;
			productReference = 62BD78E5278B51BD002544C7 /* OperateDeviceFunctions.app */;
			productType = "com.apple.product-type.application";
		};
/* End PBXNativeTarget section */

/* Begin PBXProject section */
		62BD78DD278B51BD002544C7 /* Project object */ = {
			isa = PBXProject;
			attributes = {
				BuildIndependentTargetsInParallel = 1;
				LastSwiftUpdateCheck = 1320;
				LastUpgradeCheck = 1320;
				TargetAttributes = {
					62BD78E4278B51BD002544C7 = {
						CreatedOnToolsVersion = 13.2.1;
					};
				};
			};
			buildConfigurationList = 62BD78E0278B51BD002544C7 /* Build configuration list for PBXProject "OperateDeviceFunctions" */;
			compatibilityVersion = "Xcode 13.0";
			developmentRegion = en;
			hasScannedForEncodings = 0;
			knownRegions = (
				en,
				Base,
			);
			mainGroup = 62BD78DC278B51BD002544C7;
			productRefGroup = 62BD78E6278B51BD002544C7 /* Products */;
			projectDirPath = "";
			projectRoot = "";
			targets = (
				62BD78E4278B51BD002544C7 /* OperateDeviceFunctions */,
			);
		};
/* End PBXProject section */

/* Begin PBXResourcesBuildPhase section */
		62BD78E3278B51BD002544C7 /* Resources */ = {
			isa = PBXResourcesBuildPhase;
			buildActionMask = 2147483647;
			files = (
				62BD78F0278B51BE002544C7 /* Preview Assets.xcassets in Resources */,
				62BD78ED278B51BE002544C7 /* Assets.xcassets in Resources */,
			);
			runOnlyForDeploymentPostprocessing = 0;
		};
/* End PBXResourcesBuildPhase section */

/* Begin PBXSourcesBuildPhase section */
		62BD78E1278B51BD002544C7 /* Sources */ = {
			isa = PBXSourcesBuildPhase;
			buildActionMask = 2147483647;
			files = (
				62BD78EB278B51BD002544C7 /* ContentView.swift in Sources */,
				62BD78F9278C9D85002544C7 /* TorchView.swift in Sources */,
				62BD78FD278CD0D5002544C7 /* ChangeVolumeView.swift in Sources */,
				62BD78F7278C9C34002544C7 /* HapticView.swift in Sources */,
				62BD78FB278CCFEA002544C7 /* ChangeBrightnessView.swift in Sources */,
				62BD78E9278B51BD002544C7 /* OperateDeviceFunctionsApp.swift in Sources */,
			);
			runOnlyForDeploymentPostprocessing = 0;
		};
/* End PBXSourcesBuildPhase section */

/* Begin XCBuildConfiguration section */
		62BD78F1278B51BE002544C7 /* Debug */ = {
			isa = XCBuildConfiguration;
			buildSettings = {
				ALWAYS_SEARCH_USER_PATHS = NO;
				CLANG_ANALYZER_NONNULL = YES;
				CLANG_ANALYZER_NUMBER_OBJECT_CONVERSION = YES_AGGRESSIVE;
				CLANG_CXX_LANGUAGE_STANDARD = "gnu++17";
				CLANG_CXX_LIBRARY = "libc++";
				CLANG_ENABLE_MODULES = YES;
				CLANG_ENABLE_OBJC_ARC = YES;
				CLANG_ENABLE_OBJC_WEAK = YES;
				CLANG_WARN_BLOCK_CAPTURE_AUTORELEASING = YES;
				CLANG_WARN_BOOL_CONVERSION = YES;
				CLANG_WARN_COMMA = YES;
				CLANG_WARN_CONSTANT_CONVERSION = YES;
				CLANG_WARN_DEPRECATED_OBJC_IMPLEMENTATIONS = YES;
				CLANG_WARN_DIRECT_OBJC_ISA_USAGE = YES_ERROR;
				CLANG_WARN_DOCUMENTATION_COMMENTS = YES;
				CLANG_WARN_EMPTY_BODY = YES;
				CLANG_WARN_ENUM_CONVERSION = YES;
				CLANG_WARN_INFINITE_RECURSION = YES;
				CLANG_WARN_INT_CONVERSION = YES;
				CLANG_WARN_NON_LITERAL_NULL_CONVERSION = YES;
				CLANG_WARN_OBJC_IMPLICIT_RETAIN_SELF = YES;
				CLANG_WARN_OBJC_LITERAL_CONVERSION = YES;
				CLANG_WARN_OBJC_ROOT_CLASS = YES_ERROR;
				CLANG_WARN_QUOTED_INCLUDE_IN_FRAMEWORK_HEADER = YES;
				CLANG_WARN_RANGE_LOOP_ANALYSIS = YES;
				CLANG_WARN_STRICT_PROTOTYPES = YES;
				CLANG_WARN_SUSPICIOUS_MOVE = YES;
				CLANG_WARN_UNGUARDED_AVAILABILITY = YES_AGGRESSIVE;
				CLANG_WARN_UNREACHABLE_CODE = YES;
				CLANG_WARN__DUPLICATE_METHOD_MATCH = YES;
				COPY_PHASE_STRIP = NO;
				DEBUG_INFORMATION_FORMAT = dwarf;
				ENABLE_STRICT_OBJC_MSGSEND = YES;
				ENABLE_TESTABILITY = YES;
				GCC_C_LANGUAGE_STANDARD = gnu11;
				GCC_DYNAMIC_NO_PIC = NO;
				GCC_NO_COMMON_BLOCKS = YES;
				GCC_OPTIMIZATION_LEVEL = 0;
				GCC_PREPROCESSOR_DEFINITIONS = (
					"DEBUG=1",
					"$(inherited)",
				);
				GCC_WARN_64_TO_32_BIT_CONVERSION = YES;
				GCC_WARN_ABOUT_RETURN_TYPE = YES_ERROR;
				GCC_WARN_UNDECLARED_SELECTOR = YES;
				GCC_WARN_UNINITIALIZED_AUTOS = YES_AGGRESSIVE;
				GCC_WARN_UNUSED_FUNCTION = YES;
				GCC_WARN_UNUSED_VARIABLE = YES;
				IPHONEOS_DEPLOYMENT_TARGET = 14.0;
				MTL_ENABLE_DEBUG_INFO = INCLUDE_SOURCE;
				MTL_FAST_MATH = YES;
				ONLY_ACTIVE_ARCH = YES;
				SDKROOT = iphoneos;
				SWIFT_ACTIVE_COMPILATION_CONDITIONS = DEBUG;
				SWIFT_OPTIMIZATION_LEVEL = "-Onone";
			};
			name = Debug;
		};
		62BD78F2278B51BE002544C7 /* Release */ = {
			isa = XCBuildConfiguration;
			buildSettings = {
				ALWAYS_SEARCH_USER_PATHS = NO;
				CLANG_ANALYZER_NONNULL = YES;
				CLANG_ANALYZER_NUMBER_OBJECT_CONVERSION = YES_AGGRESSIVE;
				CLANG_CXX_LANGUAGE_STANDARD = "gnu++17";
				CLANG_CXX_LIBRARY = "libc++";
				CLANG_ENABLE_MODULES = YES;
				CLANG_ENABLE_OBJC_ARC = YES;
				CLANG_ENABLE_OBJC_WEAK = YES;
				CLANG_WARN_BLOCK_CAPTURE_AUTORELEASING = YES;
				CLANG_WARN_BOOL_CONVERSION = YES;
				CLANG_WARN_COMMA = YES;
				CLANG_WARN_CONSTANT_CONVERSION = YES;
				CLANG_WARN_DEPRECATED_OBJC_IMPLEMENTATIONS = YES;
				CLANG_WARN_DIRECT_OBJC_ISA_USAGE = YES_ERROR;
				CLANG_WARN_DOCUMENTATION_COMMENTS = YES;
				CLANG_WARN_EMPTY_BODY = YES;
				CLANG_WARN_ENUM_CONVERSION = YES;
				CLANG_WARN_INFINITE_RECURSION = YES;
				CLANG_WARN_INT_CONVERSION = YES;
				CLANG_WARN_NON_LITERAL_NULL_CONVERSION = YES;
				CLANG_WARN_OBJC_IMPLICIT_RETAIN_SELF = YES;
				CLANG_WARN_OBJC_LITERAL_CONVERSION = YES;
				CLANG_WARN_OBJC_ROOT_CLASS = YES_ERROR;
				CLANG_WARN_QUOTED_INCLUDE_IN_FRAMEWORK_HEADER = YES;
				CLANG_WARN_RANGE_LOOP_ANALYSIS = YES;
				CLANG_WARN_STRICT_PROTOTYPES = YES;
				CLANG_WARN_SUSPICIOUS_MOVE = YES;
				CLANG_WARN_UNGUARDED_AVAILABILITY = YES_AGGRESSIVE;
				CLANG_WARN_UNREACHABLE_CODE = YES;
				CLANG_WARN__DUPLICATE_METHOD_MATCH = YES;
				COPY_PHASE_STRIP = NO;
				DEBUG_INFORMATION_FORMAT = "dwarf-with-dsym";
				ENABLE_NS_ASSERTIONS = NO;
				ENABLE_STRICT_OBJC_MSGSEND = YES;
				GCC_C_LANGUAGE_STANDARD = gnu11;
				GCC_NO_COMMON_BLOCKS = YES;
				GCC_WARN_64_TO_32_BIT_CONVERSION = YES;
				GCC_WARN_ABOUT_RETURN_TYPE = YES_ERROR;
				GCC_WARN_UNDECLARED_SELECTOR = YES;
				GCC_WARN_UNINITIALIZED_AUTOS = YES_AGGRESSIVE;
				GCC_WARN_UNUSED_FUNCTION = YES;
				GCC_WARN_UNUSED_VARIABLE = YES;
				IPHONEOS_DEPLOYMENT_TARGET = 14.0;
				MTL_ENABLE_DEBUG_INFO = NO;
				MTL_FAST_MATH = YES;
				SDKROOT = iphoneos;
				SWIFT_COMPILATION_MODE = wholemodule;
				SWIFT_OPTIMIZATION_LEVEL = "-O";
				VALIDATE_PRODUCT = YES;
			};
			name = Release;
		};
		62BD78F4278B51BE002544C7 /* Debug */ = {
			isa = XCBuildConfiguration;
			buildSettings = {
				ASSETCATALOG_COMPILER_APPICON_NAME = AppIcon;
				ASSETCATALOG_COMPILER_GLOBAL_ACCENT_COLOR_NAME = AccentColor;
				CODE_SIGN_STYLE = Automatic;
				CURRENT_PROJECT_VERSION = 1;
				DEVELOPMENT_ASSET_PATHS = "\"OperateDeviceFunctions/Preview Content\"";
				DEVELOPMENT_TEAM = 96V8RMT7SR;
				ENABLE_PREVIEWS = YES;
				GENERATE_INFOPLIST_FILE = YES;
				INFOPLIST_KEY_UIApplicationSceneManifest_Generation = YES;
				INFOPLIST_KEY_UIApplicationSupportsIndirectInputEvents = YES;
				INFOPLIST_KEY_UILaunchScreen_Generation = YES;
				INFOPLIST_KEY_UISupportedInterfaceOrientations_iPad = "UIInterfaceOrientationPortrait UIInterfaceOrientationPortraitUpsideDown UIInterfaceOrientationLandscapeLeft UIInterfaceOrientationLandscapeRight";
				INFOPLIST_KEY_UISupportedInterfaceOrientations_iPhone = "UIInterfaceOrientationPortrait UIInterfaceOrientationLandscapeLeft UIInterfaceOrientationLandscapeRight";
				LD_RUNPATH_SEARCH_PATHS = (
					"$(inherited)",
					"@executable_path/Frameworks",
				);
				MARKETING_VERSION = 1.0;
				PRODUCT_BUNDLE_IDENTIFIER = Demo.OperateDeviceFunctions;
				PRODUCT_NAME = "$(TARGET_NAME)";
				SWIFT_EMIT_LOC_STRINGS = YES;
				SWIFT_VERSION = 5.0;
				TARGETED_DEVICE_FAMILY = "1,2";
			};
			name = Debug;
		};
		62BD78F5278B51BE002544C7 /* Release */ = {
			isa = XCBuildConfiguration;
			buildSettings = {
				ASSETCATALOG_COMPILER_APPICON_NAME = AppIcon;
				ASSETCATALOG_COMPILER_GLOBAL_ACCENT_COLOR_NAME = AccentColor;
				CODE_SIGN_STYLE = Automatic;
				CURRENT_PROJECT_VERSION = 1;
				DEVELOPMENT_ASSET_PATHS = "\"OperateDeviceFunctions/Preview Content\"";
				DEVELOPMENT_TEAM = 96V8RMT7SR;
				ENABLE_PREVIEWS = YES;
				GENERATE_INFOPLIST_FILE = YES;
				INFOPLIST_KEY_UIApplicationSceneManifest_Generation = YES;
				INFOPLIST_KEY_UIApplicationSupportsIndirectInputEvents = YES;
				INFOPLIST_KEY_UILaunchScreen_Generation = YES;
				INFOPLIST_KEY_UISupportedInterfaceOrientations_iPad = "UIInterfaceOrientationPortrait UIInterfaceOrientationPortraitUpsideDown UIInterfaceOrientationLandscapeLeft UIInterfaceOrientationLandscapeRight";
				INFOPLIST_KEY_UISupportedInterfaceOrientations_iPhone = "UIInterfaceOrientationPortrait UIInterfaceOrientationLandscapeLeft UIInterfaceOrientationLandscapeRight";
				LD_RUNPATH_SEARCH_PATHS = (
					"$(inherited)",
					"@executable_path/Frameworks",
				);
				MARKETING_VERSION = 1.0;
				PRODUCT_BUNDLE_IDENTIFIER = Demo.OperateDeviceFunctions;
				PRODUCT_NAME = "$(TARGET_NAME)";
				SWIFT_EMIT_LOC_STRINGS = YES;
				SWIFT_VERSION = 5.0;
				TARGETED_DEVICE_FAMILY = "1,2";
			};
			name = Release;
		};
/* End XCBuildConfiguration section */

/* Begin XCConfigurationList section */
		62BD78E0278B51BD002544C7 /* Build configuration list for PBXProject "OperateDeviceFunctions" */ = {
			isa = XCConfigurationList;
			buildConfigurations = (
				62BD78F1278B51BE002544C7 /* Debug */,
				62BD78F2278B51BE002544C7 /* Release */,
			);
			defaultConfigurationIsVisible = 0;
			defaultConfigurationName = Release;
		};
		62BD78F3278B51BE002544C7 /* Build configuration list for PBXNativeTarget "OperateDeviceFunctions" */ = {
			isa = XCConfigurationList;
			buildConfigurations = (
				62BD78F4278B51BE002544C7 /* Debug */,
				62BD78F5278B51BE002544C7 /* Release */,
			);
			defaultConfigurationIsVisible = 0;
			defaultConfigurationName = Release;
		};
/* End XCConfigurationList section */
	};
	rootObject = 62BD78DD278B51BD002544C7 /* Project object */;
}
